<?xml version="1.0" encoding="UTF-8"?>
<CodeBlocks_project_file>
	<FileVersion major="1" minor="6"/>
	<Project>
		<Option title="bp-EA-course"/>
		<Option makefile_is_custom="1"/>
		<Option compiler="gcc"/>
		<Option virtualFolders="CMake Files\;"/>
		<Build>
			<Target title="all">
				<Option working_dir="/home/pately/CLionProjects/bp-EA-course"/>
				<Option type="4"/>
				<MakeCommands>
					<Build command="/usr/bin/make -f &quot;/home/pately/CLionProjects/bp-EA-course/Makefile&quot;  VERBOSE=1 all"/>
					<CompileFile command="/usr/bin/make -f &quot;/home/pately/CLionProjects/bp-EA-course/Makefile&quot;  VERBOSE=1 &quot;$file&quot;"/>
					<Clean command="/usr/bin/make -f &quot;/home/pately/CLionProjects/bp-EA-course/Makefile&quot;  VERBOSE=1 clean"/>
					<DistClean command="/usr/bin/make -f &quot;/home/pately/CLionProjects/bp-EA-course/Makefile&quot;  VERBOSE=1 clean"/>
				</MakeCommands>
			</Target>
			<Target title="rebuild_cache">
				<Option working_dir="/home/pately/CLionProjects/bp-EA-course"/>
				<Option type="4"/>
				<MakeCommands>
					<Build command="/usr/bin/make -f &quot;/home/pately/CLionProjects/bp-EA-course/Makefile&quot;  VERBOSE=1 rebuild_cache"/>
					<CompileFile command="/usr/bin/make -f &quot;/home/pately/CLionProjects/bp-EA-course/Makefile&quot;  VERBOSE=1 &quot;$file&quot;"/>
					<Clean command="/usr/bin/make -f &quot;/home/pately/CLionProjects/bp-EA-course/Makefile&quot;  VERBOSE=1 clean"/>
					<DistClean command="/usr/bin/make -f &quot;/home/pately/CLionProjects/bp-EA-course/Makefile&quot;  VERBOSE=1 clean"/>
				</MakeCommands>
			</Target>
			<Target title="edit_cache">
				<Option working_dir="/home/pately/CLionProjects/bp-EA-course"/>
				<Option type="4"/>
				<MakeCommands>
					<Build command="/usr/bin/make -f &quot;/home/pately/CLionProjects/bp-EA-course/Makefile&quot;  VERBOSE=1 edit_cache"/>
					<CompileFile command="/usr/bin/make -f &quot;/home/pately/CLionProjects/bp-EA-course/Makefile&quot;  VERBOSE=1 &quot;$file&quot;"/>
					<Clean command="/usr/bin/make -f &quot;/home/pately/CLionProjects/bp-EA-course/Makefile&quot;  VERBOSE=1 clean"/>
					<DistClean command="/usr/bin/make -f &quot;/home/pately/CLionProjects/bp-EA-course/Makefile&quot;  VERBOSE=1 clean"/>
				</MakeCommands>
			</Target>
			<Target title="main">
				<Option output="/home/pately/CLionProjects/bp-EA-course/main" prefix_auto="0" extension_auto="0"/>
				<Option working_dir="/home/pately/CLionProjects/bp-EA-course"/>
				<Option object_output="./"/>
				<Option type="1"/>
				<Option compiler="gcc"/>
				<Compiler>
					<Add directory="/home/pately/Desktop/EA-course/PA/bp-instance-generator-solver/Gurobi/gurobi903/linux64/include"/>
				</Compiler>
				<MakeCommands>
					<Build command="/usr/bin/make -f &quot;/home/pately/CLionProjects/bp-EA-course/Makefile&quot;  VERBOSE=1 main"/>
					<CompileFile command="/usr/bin/make -f &quot;/home/pately/CLionProjects/bp-EA-course/Makefile&quot;  VERBOSE=1 &quot;$file&quot;"/>
					<Clean command="/usr/bin/make -f &quot;/home/pately/CLionProjects/bp-EA-course/Makefile&quot;  VERBOSE=1 clean"/>
					<DistClean command="/usr/bin/make -f &quot;/home/pately/CLionProjects/bp-EA-course/Makefile&quot;  VERBOSE=1 clean"/>
				</MakeCommands>
			</Target>
			<Target title="main/fast">
				<Option output="/home/pately/CLionProjects/bp-EA-course/main" prefix_auto="0" extension_auto="0"/>
				<Option working_dir="/home/pately/CLionProjects/bp-EA-course"/>
				<Option object_output="./"/>
				<Option type="1"/>
				<Option compiler="gcc"/>
				<Compiler>
					<Add directory="/home/pately/Desktop/EA-course/PA/bp-instance-generator-solver/Gurobi/gurobi903/linux64/include"/>
				</Compiler>
				<MakeCommands>
					<Build command="/usr/bin/make -f &quot;/home/pately/CLionProjects/bp-EA-course/Makefile&quot;  VERBOSE=1 main/fast"/>
					<CompileFile command="/usr/bin/make -f &quot;/home/pately/CLionProjects/bp-EA-course/Makefile&quot;  VERBOSE=1 &quot;$file&quot;"/>
					<Clean command="/usr/bin/make -f &quot;/home/pately/CLionProjects/bp-EA-course/Makefile&quot;  VERBOSE=1 clean"/>
					<DistClean command="/usr/bin/make -f &quot;/home/pately/CLionProjects/bp-EA-course/Makefile&quot;  VERBOSE=1 clean"/>
				</MakeCommands>
			</Target>
			<Target title="bpsolver">
				<Option output="/home/pately/CLionProjects/bp-EA-course/libbpsolver.a" prefix_auto="0" extension_auto="0"/>
				<Option working_dir="/home/pately/CLionProjects/bp-EA-course"/>
				<Option object_output="./"/>
				<Option type="2"/>
				<Option compiler="gcc"/>
				<Compiler>
					<Add directory="/home/pately/Desktop/EA-course/PA/bp-instance-generator-solver/Gurobi/gurobi903/linux64/include"/>
				</Compiler>
				<MakeCommands>
					<Build command="/usr/bin/make -f &quot;/home/pately/CLionProjects/bp-EA-course/Makefile&quot;  VERBOSE=1 bpsolver"/>
					<CompileFile command="/usr/bin/make -f &quot;/home/pately/CLionProjects/bp-EA-course/Makefile&quot;  VERBOSE=1 &quot;$file&quot;"/>
					<Clean command="/usr/bin/make -f &quot;/home/pately/CLionProjects/bp-EA-course/Makefile&quot;  VERBOSE=1 clean"/>
					<DistClean command="/usr/bin/make -f &quot;/home/pately/CLionProjects/bp-EA-course/Makefile&quot;  VERBOSE=1 clean"/>
				</MakeCommands>
			</Target>
			<Target title="bpsolver/fast">
				<Option output="/home/pately/CLionProjects/bp-EA-course/libbpsolver.a" prefix_auto="0" extension_auto="0"/>
				<Option working_dir="/home/pately/CLionProjects/bp-EA-course"/>
				<Option object_output="./"/>
				<Option type="2"/>
				<Option compiler="gcc"/>
				<Compiler>
					<Add directory="/home/pately/Desktop/EA-course/PA/bp-instance-generator-solver/Gurobi/gurobi903/linux64/include"/>
				</Compiler>
				<MakeCommands>
					<Build command="/usr/bin/make -f &quot;/home/pately/CLionProjects/bp-EA-course/Makefile&quot;  VERBOSE=1 bpsolver/fast"/>
					<CompileFile command="/usr/bin/make -f &quot;/home/pately/CLionProjects/bp-EA-course/Makefile&quot;  VERBOSE=1 &quot;$file&quot;"/>
					<Clean command="/usr/bin/make -f &quot;/home/pately/CLionProjects/bp-EA-course/Makefile&quot;  VERBOSE=1 clean"/>
					<DistClean command="/usr/bin/make -f &quot;/home/pately/CLionProjects/bp-EA-course/Makefile&quot;  VERBOSE=1 clean"/>
				</MakeCommands>
			</Target>
		</Build>
		<Unit filename="/home/pately/CLionProjects/bp-EA-course/helper.cpp">
			<Option target="bpsolver"/>
		</Unit>
		<Unit filename="/home/pately/CLionProjects/bp-EA-course/helper.h">
			<Option target="bpsolver"/>
		</Unit>
		<Unit filename="/home/pately/CLionProjects/bp-EA-course/main.cpp">
			<Option target="main"/>
		</Unit>
		<Unit filename="/home/pately/CLionProjects/bp-EA-course/simpleipsolver.cpp">
			<Option target="bpsolver"/>
		</Unit>
		<Unit filename="/home/pately/CLionProjects/bp-EA-course/simpleipsolver.h">
			<Option target="bpsolver"/>
		</Unit>
		<Unit filename="/home/pately/CLionProjects/bp-EA-course/simplelpsolver.cpp">
			<Option target="bpsolver"/>
		</Unit>
		<Unit filename="/home/pately/CLionProjects/bp-EA-course/simplelpsolver.h">
			<Option target="bpsolver"/>
		</Unit>
		<Unit filename="/home/pately/CLionProjects/bp-EA-course/solution.cpp">
			<Option target="bpsolver"/>
		</Unit>
		<Unit filename="/home/pately/CLionProjects/bp-EA-course/solution.h">
			<Option target="bpsolver"/>
		</Unit>
		<Unit filename="/home/pately/Desktop/EA-course/PA/bp-instance-generator-solver/Gurobi/gurobi903/linux64/include/gurobi_c++.h">
			<Option target="bpsolver"/>
		</Unit>
		<Unit filename="/home/pately/Desktop/EA-course/PA/bp-instance-generator-solver/Gurobi/gurobi903/linux64/lib">
			<Option target="bpsolver"/>
		</Unit>
		<Unit filename="/home/pately/CLionProjects/bp-EA-course/CMakeLists.txt">
			<Option virtualFolder="CMake Files\"/>
		</Unit>
	</Project>
</CodeBlocks_project_file>
